
Microsoft Visual Studio Solution File, Format Version 12.00
# Visual Studio Version 17
VisualStudioVersion = 17.11.35222.181
MinimumVisualStudioVersion = 10.0.40219.1
Project("{FAE04EC0-301F-11D3-BF4B-00C04F79EFBC}") = "agenda de contado", "agenda de contado\agenda de contado.csproj", "{1D67901D-5B22-44A9-87FE-1719ED51A558}"
EndProject
Global
	GlobalSection(SolutionConfigurationPlatforms) = preSolution
		Debug|Any CPU = Debug|Any CPU
		Release|Any CPU = Release|Any CPU
	EndGlobalSection
	GlobalSection(ProjectConfigurationPlatforms) = postSolution
		{1D67901D-5B22-44A9-87FE-1719ED51A558}.Debug|Any CPU.ActiveCfg = Debug|Any CPU
		{1D67901D-5B22-44A9-87FE-1719ED51A558}.Debug|Any CPU.Build.0 = Debug|Any CPU
		{1D67901D-5B22-44A9-87FE-1719ED51A558}.Release|Any CPU.ActiveCfg = Release|Any CPU
		{1D67901D-5B22-44A9-87FE-1719ED51A558}.Release|Any CPU.Build.0 = Release|Any CPU
	EndGlobalSection
	GlobalSection(SolutionProperties) = preSolution
		HideSolutionNode = FALSE
	EndGlobalSection
	GlobalSection(ExtensibilityGlobals) = postSolution
		SolutionGuid = {5F0AFB9E-6D73-40BE-98B5-66302DD2DEA8}
	EndGlobalSection
EndGlobal
